
Microsoft Visual Studio Solution File, Format Version 12.00
# Visual Studio 15
VisualStudioVersion = 15.0.27428.2037
MinimumVisualStudioVersion = 10.0.40219.1
Project("{9A19103F-16F7-4668-BE54-9A1E7A4F7556}") = "OnlineStore.Models", "OnlineStore.Models\OnlineStore.Models.csproj", "{5C589192-A861-4586-89DC-43A7F2D1141B}"
EndProject
Project("{9A19103F-16F7-4668-BE54-9A1E7A4F7556}") = "OnlineStore.Data", "OnlineStore.Data\OnlineStore.Data.csproj", "{A027E443-36BE-46B1-84B6-C266A4224BC7}"
EndProject
Project("{9A19103F-16F7-4668-BE54-9A1E7A4F7556}") = "OnlineStore.Api", "OnlineStore.Api\OnlineStore.Api.csproj", "{EBD6E206-EAE3-4BDE-B6FC-1B80D433D8FF}"
EndProject
Project("{9A19103F-16F7-4668-BE54-9A1E7A4F7556}") = "OnlineStore.Common", "OnlineStore.Common\OnlineStore.Common.csproj", "{9778BD06-C1C9-452B-96D7-74FA5D3D77B3}"
EndProject
Project("{9A19103F-16F7-4668-BE54-9A1E7A4F7556}") = "OnlineStore.Web", "OnlineStore.Web\OnlineStore.Web.csproj", "{0A4BE483-D1F4-4A1E-873C-78EDDDBB11BB}"
EndProject
Global
	GlobalSection(SolutionConfigurationPlatforms) = preSolution
		Debug|Any CPU = Debug|Any CPU
		Release|Any CPU = Release|Any CPU
	EndGlobalSection
	GlobalSection(ProjectConfigurationPlatforms) = postSolution
		{5C589192-A861-4586-89DC-43A7F2D1141B}.Debug|Any CPU.ActiveCfg = Debug|Any CPU
		{5C589192-A861-4586-89DC-43A7F2D1141B}.Debug|Any CPU.Build.0 = Debug|Any CPU
		{5C589192-A861-4586-89DC-43A7F2D1141B}.Release|Any CPU.ActiveCfg = Release|Any CPU
		{5C589192-A861-4586-89DC-43A7F2D1141B}.Release|Any CPU.Build.0 = Release|Any CPU
		{A027E443-36BE-46B1-84B6-C266A4224BC7}.Debug|Any CPU.ActiveCfg = Debug|Any CPU
		{A027E443-36BE-46B1-84B6-C266A4224BC7}.Debug|Any CPU.Build.0 = Debug|Any CPU
		{A027E443-36BE-46B1-84B6-C266A4224BC7}.Release|Any CPU.ActiveCfg = Release|Any CPU
		{A027E443-36BE-46B1-84B6-C266A4224BC7}.Release|Any CPU.Build.0 = Release|Any CPU
		{EBD6E206-EAE3-4BDE-B6FC-1B80D433D8FF}.Debug|Any CPU.ActiveCfg = Debug|Any CPU
		{EBD6E206-EAE3-4BDE-B6FC-1B80D433D8FF}.Debug|Any CPU.Build.0 = Debug|Any CPU
		{EBD6E206-EAE3-4BDE-B6FC-1B80D433D8FF}.Release|Any CPU.ActiveCfg = Release|Any CPU
		{EBD6E206-EAE3-4BDE-B6FC-1B80D433D8FF}.Release|Any CPU.Build.0 = Release|Any CPU
		{9778BD06-C1C9-452B-96D7-74FA5D3D77B3}.Debug|Any CPU.ActiveCfg = Debug|Any CPU
		{9778BD06-C1C9-452B-96D7-74FA5D3D77B3}.Debug|Any CPU.Build.0 = Debug|Any CPU
		{9778BD06-C1C9-452B-96D7-74FA5D3D77B3}.Release|Any CPU.ActiveCfg = Release|Any CPU
		{9778BD06-C1C9-452B-96D7-74FA5D3D77B3}.Release|Any CPU.Build.0 = Release|Any CPU
		{0A4BE483-D1F4-4A1E-873C-78EDDDBB11BB}.Debug|Any CPU.ActiveCfg = Debug|Any CPU
		{0A4BE483-D1F4-4A1E-873C-78EDDDBB11BB}.Debug|Any CPU.Build.0 = Debug|Any CPU
		{0A4BE483-D1F4-4A1E-873C-78EDDDBB11BB}.Release|Any CPU.ActiveCfg = Release|Any CPU
		{0A4BE483-D1F4-4A1E-873C-78EDDDBB11BB}.Release|Any CPU.Build.0 = Release|Any CPU
	EndGlobalSection
	GlobalSection(SolutionProperties) = preSolution
		HideSolutionNode = FALSE
	EndGlobalSection
	GlobalSection(ExtensibilityGlobals) = postSolution
		SolutionGuid = {CA8753BC-364D-4F61-995A-F6BF7E6A9280}
	EndGlobalSection
EndGlobal
