
Microsoft Visual Studio Solution File, Format Version 12.00
# Visual Studio 15
VisualStudioVersion = 15.0.27703.2035
MinimumVisualStudioVersion = 10.0.40219.1
Project("{9A19103F-16F7-4668-BE54-9A1E7A4F7556}") = "VehicleCostsMonitor.Models", "VehicleCostsMonitor.Models\VehicleCostsMonitor.Models.csproj", "{BB010304-936C-4ED0-A3C8-334359A07006}"
EndProject
Project("{9A19103F-16F7-4668-BE54-9A1E7A4F7556}") = "VehicleCostsMonitor.Web", "VehicleCostsMonitor.Web\VehicleCostsMonitor.Web.csproj", "{208DC689-F431-49AA-A861-788194F6CDE0}"
EndProject
Project("{9A19103F-16F7-4668-BE54-9A1E7A4F7556}") = "VehicleCostsMonitor.Data", "VehicleCostsMonitor.Data\VehicleCostsMonitor.Data.csproj", "{D47A370F-BD90-4F2B-9E4F-E4DA8D6B084D}"
EndProject
Project("{9A19103F-16F7-4668-BE54-9A1E7A4F7556}") = "VehicleCostsMonitor.Services", "VehicleCostsMonitor.Services\VehicleCostsMonitor.Services.csproj", "{4D422707-9A7E-47DB-A760-CB14817CCF19}"
EndProject
Project("{9A19103F-16F7-4668-BE54-9A1E7A4F7556}") = "VehicleCostsMonitor.Common", "VehicleCostsMonitor.Common\VehicleCostsMonitor.Common.csproj", "{7EF09569-B015-4C87-A7B8-9DC0A8BAE74C}"
EndProject
Project("{FAE04EC0-301F-11D3-BF4B-00C04F79EFBC}") = "VehicleCostsMonitor.Tests", "VehicleCostsMonitor.Tests\VehicleCostsMonitor.Tests.csproj", "{629790D3-544B-4244-B47B-492FF6259BC3}"
EndProject
Global
	GlobalSection(SolutionConfigurationPlatforms) = preSolution
		Debug|Any CPU = Debug|Any CPU
		Release|Any CPU = Release|Any CPU
	EndGlobalSection
	GlobalSection(ProjectConfigurationPlatforms) = postSolution
		{BB010304-936C-4ED0-A3C8-334359A07006}.Debug|Any CPU.ActiveCfg = Debug|Any CPU
		{BB010304-936C-4ED0-A3C8-334359A07006}.Debug|Any CPU.Build.0 = Debug|Any CPU
		{BB010304-936C-4ED0-A3C8-334359A07006}.Release|Any CPU.ActiveCfg = Release|Any CPU
		{BB010304-936C-4ED0-A3C8-334359A07006}.Release|Any CPU.Build.0 = Release|Any CPU
		{208DC689-F431-49AA-A861-788194F6CDE0}.Debug|Any CPU.ActiveCfg = Debug|Any CPU
		{208DC689-F431-49AA-A861-788194F6CDE0}.Debug|Any CPU.Build.0 = Debug|Any CPU
		{208DC689-F431-49AA-A861-788194F6CDE0}.Release|Any CPU.ActiveCfg = Release|Any CPU
		{208DC689-F431-49AA-A861-788194F6CDE0}.Release|Any CPU.Build.0 = Release|Any CPU
		{D47A370F-BD90-4F2B-9E4F-E4DA8D6B084D}.Debug|Any CPU.ActiveCfg = Debug|Any CPU
		{D47A370F-BD90-4F2B-9E4F-E4DA8D6B084D}.Debug|Any CPU.Build.0 = Debug|Any CPU
		{D47A370F-BD90-4F2B-9E4F-E4DA8D6B084D}.Release|Any CPU.ActiveCfg = Release|Any CPU
		{D47A370F-BD90-4F2B-9E4F-E4DA8D6B084D}.Release|Any CPU.Build.0 = Release|Any CPU
		{4D422707-9A7E-47DB-A760-CB14817CCF19}.Debug|Any CPU.ActiveCfg = Debug|Any CPU
		{4D422707-9A7E-47DB-A760-CB14817CCF19}.Debug|Any CPU.Build.0 = Debug|Any CPU
		{4D422707-9A7E-47DB-A760-CB14817CCF19}.Release|Any CPU.ActiveCfg = Release|Any CPU
		{4D422707-9A7E-47DB-A760-CB14817CCF19}.Release|Any CPU.Build.0 = Release|Any CPU
		{7EF09569-B015-4C87-A7B8-9DC0A8BAE74C}.Debug|Any CPU.ActiveCfg = Debug|Any CPU
		{7EF09569-B015-4C87-A7B8-9DC0A8BAE74C}.Debug|Any CPU.Build.0 = Debug|Any CPU
		{7EF09569-B015-4C87-A7B8-9DC0A8BAE74C}.Release|Any CPU.ActiveCfg = Release|Any CPU
		{7EF09569-B015-4C87-A7B8-9DC0A8BAE74C}.Release|Any CPU.Build.0 = Release|Any CPU
		{629790D3-544B-4244-B47B-492FF6259BC3}.Debug|Any CPU.ActiveCfg = Debug|Any CPU
		{629790D3-544B-4244-B47B-492FF6259BC3}.Debug|Any CPU.Build.0 = Debug|Any CPU
		{629790D3-544B-4244-B47B-492FF6259BC3}.Release|Any CPU.ActiveCfg = Release|Any CPU
		{629790D3-544B-4244-B47B-492FF6259BC3}.Release|Any CPU.Build.0 = Release|Any CPU
	EndGlobalSection
	GlobalSection(SolutionProperties) = preSolution
		HideSolutionNode = FALSE
	EndGlobalSection
	GlobalSection(ExtensibilityGlobals) = postSolution
		SolutionGuid = {9849C948-4FCF-4117-BD3C-0441230C110F}
	EndGlobalSection
EndGlobal
